
Microsoft Visual Studio Solution File, Format Version 12.00
# Visual Studio 15
VisualStudioVersion = 15.0.27703.2047
MinimumVisualStudioVersion = 10.0.40219.1
Project("{FAE04EC0-301F-11D3-BF4B-00C04F79EFBC}") = "WorkshopDemo", "WorkshopDemo\WorkshopDemo.csproj", "{7D014BCE-1F96-4813-9271-6D50D33624FD}"
EndProject
Global
	GlobalSection(SolutionConfigurationPlatforms) = preSolution
		Debug|Any CPU = Debug|Any CPU
		Release|Any CPU = Release|Any CPU
	EndGlobalSection
	GlobalSection(ProjectConfigurationPlatforms) = postSolution
		{7D014BCE-1F96-4813-9271-6D50D33624FD}.Debug|Any CPU.ActiveCfg = Debug|Any CPU
		{7D014BCE-1F96-4813-9271-6D50D33624FD}.Debug|Any CPU.Build.0 = Debug|Any CPU
		{7D014BCE-1F96-4813-9271-6D50D33624FD}.Release|Any CPU.ActiveCfg = Release|Any CPU
		{7D014BCE-1F96-4813-9271-6D50D33624FD}.Release|Any CPU.Build.0 = Release|Any CPU
	EndGlobalSection
	GlobalSection(SolutionProperties) = preSolution
		HideSolutionNode = FALSE
	EndGlobalSection
	GlobalSection(ExtensibilityGlobals) = postSolution
		SolutionGuid = {80142021-B75D-4F66-B504-2634329AA39A}
	EndGlobalSection
EndGlobal
